// !$*UTF8*$!
{
	archiveVersion = 1;
	classes = {
	};
	objectVersion = 77;
	objects = {

/* Begin PBXContainerItemProxy section */
		269AFEA42E3259EA008CF035 /* PBXContainerItemProxy */ = {
			isa = PBXContainerItemProxy;
			containerPortal = 269AFE7D2E3259E4008CF035 /* Project object */;
			proxyType = 1;
			remoteGlobalIDString = 269AFE842E3259E4008CF035;
			remoteInfo = PhotoSafe;
		};
		269AFEAE2E3259EA008CF035 /* PBXContainerItemProxy */ = {
			isa = PBXContainerItemProxy;
			containerPortal = 269AFE7D2E3259E4008CF035 /* Project object */;
			proxyType = 1;
			remoteGlobalIDString = 269AFE842E3259E4008CF035;
			remoteInfo = PhotoSafe;
		};
/* End PBXContainerItemProxy section */

/* Begin PBXFileReference section */
		269AFE852E3259E4008CF035 /* PhotoSafe.app */ = {isa = PBXFileReference; explicitFileType = wrapper.application; includeInIndex = 0; path = PhotoSafe.app; sourceTree = BUILT_PRODUCTS_DIR; };
		269AFEA32E3259EA008CF035 /* PhotoSafeTests.xctest */ = {isa = PBXFileReference; explicitFileType = wrapper.cfbundle; includeInIndex = 0; path = PhotoSafeTests.xctest; sourceTree = BUILT_PRODUCTS_DIR; };
		269AFEAD2E3259EA008CF035 /* PhotoSafeUITests.xctest */ = {isa = PBXFileReference; explicitFileType = wrapper.cfbundle; includeInIndex = 0; path = PhotoSafeUITests.xctest; sourceTree = BUILT_PRODUCTS_DIR; };
/* End PBXFileReference section */

/* Begin PBXFileSystemSynchronizedBuildFileExceptionSet section */
		269AFEB52E3259EA008CF035 /* Exceptions for "PhotoSafe" folder in "PhotoSafe" target */ = {
			isa = PBXFileSystemSynchronizedBuildFileExceptionSet;
			membershipExceptions = (
				Info.plist,
			);
			target = 269AFE842E3259E4008CF035 /* PhotoSafe */;
		};
/* End PBXFileSystemSynchronizedBuildFileExceptionSet section */

/* Begin PBXFileSystemSynchronizedRootGroup section */
		269AFE872E3259E4008CF035 /* PhotoSafe */ = {
			isa = PBXFileSystemSynchronizedRootGroup;
			exceptions = (
				269AFEB52E3259EA008CF035 /* Exceptions for "PhotoSafe" folder in "PhotoSafe" target */,
			);
			path = PhotoSafe;
			sourceTree = "<group>";
		};
		269AFEA62E3259EA008CF035 /* PhotoSafeTests */ = {
			isa = PBXFileSystemSynchronizedRootGroup;
			path = PhotoSafeTests;
			sourceTree = "<group>";
		};
		269AFEB02E3259EA008CF035 /* PhotoSafeUITests */ = {
			isa = PBXFileSystemSynchronizedRootGroup;
			path = PhotoSafeUITests;
			sourceTree = "<group>";
		};
/* End PBXFileSystemSynchronizedRootGroup section */

/* Begin PBXFrameworksBuildPhase section */
		269AFE822E3259E4008CF035 /* Frameworks */ = {
			isa = PBXFrameworksBuildPhase;
			buildActionMask = 2147483647;
			files = (
			);
			runOnlyForDeploymentPostprocessing = 0;
		};
		269AFEA02E3259EA008CF035 /* Frameworks */ = {
			isa = PBXFrameworksBuildPhase;
			buildActionMask = 2147483647;
			files = (
			);
			runOnlyForDeploymentPostprocessing = 0;
		};
		269AFEAA2E3259EA008CF035 /* Frameworks */ = {
			isa = PBXFrameworksBuildPhase;
			buildActionMask = 2147483647;
			files = (
			);
			runOnlyForDeploymentPostprocessing = 0;
		};
/* End PBXFrameworksBuildPhase section */

/* Begin PBXGroup section */
		269AFE7C2E3259E4008CF035 = {
			isa = PBXGroup;
			children = (
				269AFE872E3259E4008CF035 /* PhotoSafe */,
				269AFEA62E3259EA008CF035 /* PhotoSafeTests */,
				269AFEB02E3259EA008CF035 /* PhotoSafeUITests */,
				269AFE862E3259E4008CF035 /* Products */,
			);
			sourceTree = "<group>";
		};
		269AFE862E3259E4008CF035 /* Products */ = {
			isa = PBXGroup;
			children = (
				269AFE852E3259E4008CF035 /* PhotoSafe.app */,
				269AFEA32E3259EA008CF035 /* PhotoSafeTests.xctest */,
				269AFEAD2E3259EA008CF035 /* PhotoSafeUITests.xctest */,
			);
			name = Products;
			sourceTree = "<group>";
		};
/* End PBXGroup section */

/* Begin PBXNativeTarget section */
		269AFE842E3259E4008CF035 /* PhotoSafe */ = {
			isa = PBXNativeTarget;
			buildConfigurationList = 269AFEB62E3259EA008CF035 /* Build configuration list for PBXNativeTarget "PhotoSafe" */;
			buildPhases = (
				269AFE812E3259E4008CF035 /* Sources */,
				269AFE822E3259E4008CF035 /* Frameworks */,
				269AFE832E3259E4008CF035 /* Resources */,
			);
			buildRules = (
			);
			dependencies = (
			);
			fileSystemSynchronizedGroups = (
				269AFE872E3259E4008CF035 /* PhotoSafe */,
			);
			name = PhotoSafe;
			packageProductDependencies = (
			);
			productName = PhotoSafe;
			productReference = 269AFE852E3259E4008CF035 /* PhotoSafe.app */;
			productType = "com.apple.product-type.application";
		};
		269AFEA22E3259EA008CF035 /* PhotoSafeTests */ = {
			isa = PBXNativeTarget;
			buildConfigurationList = 269AFEBB2E3259EA008CF035 /* Build configuration list for PBXNativeTarget "PhotoSafeTests" */;
			buildPhases = (
				269AFE9F2E3259EA008CF035 /* Sources */,
				269AFEA02E3259EA008CF035 /* Frameworks */,
				269AFEA12E3259EA008CF035 /* Resources */,
			);
			buildRules = (
			);
			dependencies = (
				269AFEA52E3259EA008CF035 /* PBXTargetDependency */,
			);
			fileSystemSynchronizedGroups = (
				269AFEA62E3259EA008CF035 /* PhotoSafeTests */,
			);
			name = PhotoSafeTests;
			packageProductDependencies = (
			);
			productName = PhotoSafeTests;
			productReference = 269AFEA32E3259EA008CF035 /* PhotoSafeTests.xctest */;
			productType = "com.apple.product-type.bundle.unit-test";
		};
		269AFEAC2E3259EA008CF035 /* PhotoSafeUITests */ = {
			isa = PBXNativeTarget;
			buildConfigurationList = 269AFEBE2E3259EA008CF035 /* Build configuration list for PBXNativeTarget "PhotoSafeUITests" */;
			buildPhases = (
				269AFEA92E3259EA008CF035 /* Sources */,
				269AFEAA2E3259EA008CF035 /* Frameworks */,
				269AFEAB2E3259EA008CF035 /* Resources */,
			);
			buildRules = (
			);
			dependencies = (
				269AFEAF2E3259EA008CF035 /* PBXTargetDependency */,
			);
			fileSystemSynchronizedGroups = (
				269AFEB02E3259EA008CF035 /* PhotoSafeUITests */,
			);
			name = PhotoSafeUITests;
			packageProductDependencies = (
			);
			productName = PhotoSafeUITests;
			productReference = 269AFEAD2E3259EA008CF035 /* PhotoSafeUITests.xctest */;
			productType = "com.apple.product-type.bundle.ui-testing";
		};
/* End PBXNativeTarget section */

/* Begin PBXProject section */
		269AFE7D2E3259E4008CF035 /* Project object */ = {
			isa = PBXProject;
			attributes = {
				BuildIndependentTargetsInParallel = 1;
				LastUpgradeCheck = 2600;
				TargetAttributes = {
					269AFE842E3259E4008CF035 = {
						CreatedOnToolsVersion = 26.0;
					};
					269AFEA22E3259EA008CF035 = {
						CreatedOnToolsVersion = 26.0;
						TestTargetID = 269AFE842E3259E4008CF035;
					};
					269AFEAC2E3259EA008CF035 = {
						CreatedOnToolsVersion = 26.0;
						TestTargetID = 269AFE842E3259E4008CF035;
					};
				};
			};
			buildConfigurationList = 269AFE802E3259E4008CF035 /* Build configuration list for PBXProject "PhotoSafe" */;
			developmentRegion = en;
			hasScannedForEncodings = 0;
			knownRegions = (
				en,
				Base,
			);
			mainGroup = 269AFE7C2E3259E4008CF035;
			minimizedProjectReferenceProxies = 1;
			preferredProjectObjectVersion = 77;
			productRefGroup = 269AFE862E3259E4008CF035 /* Products */;
			projectDirPath = "";
			projectRoot = "";
			targets = (
				269AFE842E3259E4008CF035 /* PhotoSafe */,
				269AFEA22E3259EA008CF035 /* PhotoSafeTests */,
				269AFEAC2E3259EA008CF035 /* PhotoSafeUITests */,
			);
		};
/* End PBXProject section */

/* Begin PBXResourcesBuildPhase section */
		269AFE832E3259E4008CF035 /* Resources */ = {
			isa = PBXResourcesBuildPhase;
			buildActionMask = 2147483647;
			files = (
			);
			runOnlyForDeploymentPostprocessing = 0;
		};
		269AFEA12E3259EA008CF035 /* Resources */ = {
			isa = PBXResourcesBuildPhase;
			buildActionMask = 2147483647;
			files = (
			);
			runOnlyForDeploymentPostprocessing = 0;
		};
		269AFEAB2E3259EA008CF035 /* Resources */ = {
			isa = PBXResourcesBuildPhase;
			buildActionMask = 2147483647;
			files = (
			);
			runOnlyForDeploymentPostprocessing = 0;
		};
/* End PBXResourcesBuildPhase section */

/* Begin PBXSourcesBuildPhase section */
		269AFE812E3259E4008CF035 /* Sources */ = {
			isa = PBXSourcesBuildPhase;
			buildActionMask = 2147483647;
			files = (
			);
			runOnlyForDeploymentPostprocessing = 0;
		};
		269AFE9F2E3259EA008CF035 /* Sources */ = {
			isa = PBXSourcesBuildPhase;
			buildActionMask = 2147483647;
			files = (
			);
			runOnlyForDeploymentPostprocessing = 0;
		};
		269AFEA92E3259EA008CF035 /* Sources */ = {
			isa = PBXSourcesBuildPhase;
			buildActionMask = 2147483647;
			files = (
			);
			runOnlyForDeploymentPostprocessing = 0;
		};
/* End PBXSourcesBuildPhase section */

/* Begin PBXTargetDependency section */
		269AFEA52E3259EA008CF035 /* PBXTargetDependency */ = {
			isa = PBXTargetDependency;
			target = 269AFE842E3259E4008CF035 /* PhotoSafe */;
			targetProxy = 269AFEA42E3259EA008CF035 /* PBXContainerItemProxy */;
		};
		269AFEAF2E3259EA008CF035 /* PBXTargetDependency */ = {
			isa = PBXTargetDependency;
			target = 269AFE842E3259E4008CF035 /* PhotoSafe */;
			targetProxy = 269AFEAE2E3259EA008CF035 /* PBXContainerItemProxy */;
		};
/* End PBXTargetDependency section */

/* Begin XCBuildConfiguration section */
		269AFEB72E3259EA008CF035 /* Debug */ = {
			isa = XCBuildConfiguration;
			buildSettings = {
				ASSETCATALOG_COMPILER_APPICON_NAME = AppIcon;
				ASSETCATALOG_COMPILER_GLOBAL_ACCENT_COLOR_NAME = AccentColor;
				CODE_SIGN_STYLE = Automatic;
				CURRENT_PROJECT_VERSION = 1;
				DEVELOPMENT_TEAM = P92GSKWU9W;
				GENERATE_INFOPLIST_FILE = YES;
				INFOPLIST_FILE = PhotoSafe/Info.plist;
				INFOPLIST_KEY_UIApplicationSupportsIndirectInputEvents = YES;
				INFOPLIST_KEY_UILaunchStoryboardName = LaunchScreen;
				INFOPLIST_KEY_UIMainStoryboardFile = Main;
				INFOPLIST_KEY_UISupportedInterfaceOrientations_iPad = "UIInterfaceOrientationPortrait UIInterfaceOrientationPortraitUpsideDown UIInterfaceOrientationLandscapeLeft UIInterfaceOrientationLandscapeRight";
				INFOPLIST_KEY_UISupportedInterfaceOrientations_iPhone = "UIInterfaceOrientationPortrait UIInterfaceOrientationLandscapeLeft UIInterfaceOrientationLandscapeRight";
				IPHONEOS_DEPLOYMENT_TARGET = 26.0;
				LD_RUNPATH_SEARCH_PATHS = (
					"$(inherited)",
					"@executable_path/Frameworks",
				);
				MARKETING_VERSION = 1.0;
				PRODUCT_BUNDLE_IDENTIFIER = com.Sarah.PhotoSafe;
				PRODUCT_NAME = "$(TARGET_NAME)";
				STRING_CATALOG_GENERATE_SYMBOLS = YES;
				SWIFT_EMIT_LOC_STRINGS = YES;
				TARGETED_DEVICE_FAMILY = "1,2";
			};
			name = Debug;
		};
		269AFEB82E3259EA008CF035 /* Release */ = {
			isa = XCBuildConfiguration;
			buildSettings = {
				ASSETCATALOG_COMPILER_APPICON_NAME = AppIcon;
				ASSETCATALOG_COMPILER_GLOBAL_ACCENT_COLOR_NAME = AccentColor;
				CODE_SIGN_STYLE = Automatic;
				CURRENT_PROJECT_VERSION = 1;
				DEVELOPMENT_TEAM = P92GSKWU9W;
				GENERATE_INFOPLIST_FILE = YES;
				INFOPLIST_FILE = PhotoSafe/Info.plist;
				INFOPLIST_KEY_UIApplicationSupportsIndirectInputEvents = YES;
				INFOPLIST_KEY_UILaunchStoryboardName = LaunchScreen;
				INFOPLIST_KEY_UIMainStoryboardFile = Main;
				INFOPLIST_KEY_UISupportedInterfaceOrientations_iPad = "UIInterfaceOrientationPortrait UIInterfaceOrientationPortraitUpsideDown UIInterfaceOrientationLandscapeLeft UIInterfaceOrientationLandscapeRight";
				INFOPLIST_KEY_UISupportedInterfaceOrientations_iPhone = "UIInterfaceOrientationPortrait UIInterfaceOrientationLandscapeLeft UIInterfaceOrientationLandscapeRight";
				IPHONEOS_DEPLOYMENT_TARGET = 26.0;
				LD_RUNPATH_SEARCH_PATHS = (
					"$(inherited)",
					"@executable_path/Frameworks",
				);
				MARKETING_VERSION = 1.0;
				PRODUCT_BUNDLE_IDENTIFIER = com.Sarah.PhotoSafe;
				PRODUCT_NAME = "$(TARGET_NAME)";
				STRING_CATALOG_GENERATE_SYMBOLS = YES;
				SWIFT_EMIT_LOC_STRINGS = YES;
				TARGETED_DEVICE_FAMILY = "1,2";
			};
			name = Release;
		};
		269AFEB92E3259EA008CF035 /* Debug */ = {
			isa = XCBuildConfiguration;
			buildSettings = {
				ALWAYS_SEARCH_USER_PATHS = NO;
				ASSETCATALOG_COMPILER_GENERATE_SWIFT_ASSET_SYMBOL_EXTENSIONS = YES;
				CLANG_ANALYZER_NONNULL = YES;
				CLANG_ANALYZER_NUMBER_OBJECT_CONVERSION = YES_AGGRESSIVE;
				CLANG_CXX_LANGUAGE_STANDARD = "gnu++20";
				CLANG_ENABLE_MODULES = YES;
				CLANG_ENABLE_OBJC_ARC = YES;
				CLANG_ENABLE_OBJC_WEAK = YES;
				CLANG_WARN_BLOCK_CAPTURE_AUTORELEASING = YES;
				CLANG_WARN_BOOL_CONVERSION = YES;
				CLANG_WARN_COMMA = YES;
				CLANG_WARN_CONSTANT_CONVERSION = YES;
				CLANG_WARN_DEPRECATED_OBJC_IMPLEMENTATIONS = YES;
				CLANG_WARN_DIRECT_OBJC_ISA_USAGE = YES_ERROR;
				CLANG_WARN_DOCUMENTATION_COMMENTS = YES;
				CLANG_WARN_EMPTY_BODY = YES;
				CLANG_WARN_ENUM_CONVERSION = YES;
				CLANG_WARN_INFINITE_RECURSION = YES;
				CLANG_WARN_INT_CONVERSION = YES;
				CLANG_WARN_NON_LITERAL_NULL_CONVERSION = YES;
				CLANG_WARN_OBJC_IMPLICIT_RETAIN_SELF = YES;
				CLANG_WARN_OBJC_LITERAL_CONVERSION = YES;
				CLANG_WARN_OBJC_ROOT_CLASS = YES_ERROR;
				CLANG_WARN_QUOTED_INCLUDE_IN_FRAMEWORK_HEADER = YES;
				CLANG_WARN_RANGE_LOOP_ANALYSIS = YES;
				CLANG_WARN_STRICT_PROTOTYPES = YES;
				CLANG_WARN_SUSPICIOUS_MOVE = YES;
				CLANG_WARN_UNGUARDED_AVAILABILITY = YES_AGGRESSIVE;
				CLANG_WARN_UNREACHABLE_CODE = YES;
				CLANG_WARN__DUPLICATE_METHOD_MATCH = YES;
				COPY_PHASE_STRIP = NO;
				DEBUG_INFORMATION_FORMAT = dwarf;
				DEVELOPMENT_TEAM = P92GSKWU9W;
				ENABLE_STRICT_OBJC_MSGSEND = YES;
				ENABLE_TESTABILITY = YES;
				ENABLE_USER_SCRIPT_SANDBOXING = YES;
				GCC_C_LANGUAGE_STANDARD = gnu17;
				GCC_DYNAMIC_NO_PIC = NO;
				GCC_NO_COMMON_BLOCKS = YES;
				GCC_OPTIMIZATION_LEVEL = 0;
				GCC_PREPROCESSOR_DEFINITIONS = (
					"DEBUG=1",
					"$(inherited)",
				);
				GCC_WARN_64_TO_32_BIT_CONVERSION = YES;
				GCC_WARN_ABOUT_RETURN_TYPE = YES_ERROR;
				GCC_WARN_UNDECLARED_SELECTOR = YES;
				GCC_WARN_UNINITIALIZED_AUTOS = YES_AGGRESSIVE;
				GCC_WARN_UNUSED_FUNCTION = YES;
				GCC_WARN_UNUSED_VARIABLE = YES;
				IPHONEOS_DEPLOYMENT_TARGET = 26.0;
				LOCALIZATION_PREFERS_STRING_CATALOGS = YES;
				MTL_ENABLE_DEBUG_INFO = INCLUDE_SOURCE;
				MTL_FAST_MATH = YES;
				ONLY_ACTIVE_ARCH = YES;
				SDKROOT = iphoneos;
			};
			name = Debug;
		};
		269AFEBA2E3259EA008CF035 /* Release */ = {
			isa = XCBuildConfiguration;
			buildSettings = {
				ALWAYS_SEARCH_USER_PATHS = NO;
				ASSETCATALOG_COMPILER_GENERATE_SWIFT_ASSET_SYMBOL_EXTENSIONS = YES;
				CLANG_ANALYZER_NONNULL = YES;
				CLANG_ANALYZER_NUMBER_OBJECT_CONVERSION = YES_AGGRESSIVE;
				CLANG_CXX_LANGUAGE_STANDARD = "gnu++20";
				CLANG_ENABLE_MODULES = YES;
				CLANG_ENABLE_OBJC_ARC = YES;
				CLANG_ENABLE_OBJC_WEAK = YES;
				CLANG_WARN_BLOCK_CAPTURE_AUTORELEASING = YES;
				CLANG_WARN_BOOL_CONVERSION = YES;
				CLANG_WARN_COMMA = YES;
				CLANG_WARN_CONSTANT_CONVERSION = YES;
				CLANG_WARN_DEPRECATED_OBJC_IMPLEMENTATIONS = YES;
				CLANG_WARN_DIRECT_OBJC_ISA_USAGE = YES_ERROR;
				CLANG_WARN_DOCUMENTATION_COMMENTS = YES;
				CLANG_WARN_EMPTY_BODY = YES;
				CLANG_WARN_ENUM_CONVERSION = YES;
				CLANG_WARN_INFINITE_RECURSION = YES;
				CLANG_WARN_INT_CONVERSION = YES;
				CLANG_WARN_NON_LITERAL_NULL_CONVERSION = YES;
				CLANG_WARN_OBJC_IMPLICIT_RETAIN_SELF = YES;
				CLANG_WARN_OBJC_LITERAL_CONVERSION = YES;
				CLANG_WARN_OBJC_ROOT_CLASS = YES_ERROR;
				CLANG_WARN_QUOTED_INCLUDE_IN_FRAMEWORK_HEADER = YES;
				CLANG_WARN_RANGE_LOOP_ANALYSIS = YES;
				CLANG_WARN_STRICT_PROTOTYPES = YES;
				CLANG_WARN_SUSPICIOUS_MOVE = YES;
				CLANG_WARN_UNGUARDED_AVAILABILITY = YES_AGGRESSIVE;
				CLANG_WARN_UNREACHABLE_CODE = YES;
				CLANG_WARN__DUPLICATE_METHOD_MATCH = YES;
				COPY_PHASE_STRIP = NO;
				DEBUG_INFORMATION_FORMAT = "dwarf-with-dsym";
				DEVELOPMENT_TEAM = P92GSKWU9W;
				ENABLE_NS_ASSERTIONS = NO;
				ENABLE_STRICT_OBJC_MSGSEND = YES;
				ENABLE_USER_SCRIPT_SANDBOXING = YES;
				GCC_C_LANGUAGE_STANDARD = gnu17;
				GCC_NO_COMMON_BLOCKS = YES;
				GCC_WARN_64_TO_32_BIT_CONVERSION = YES;
				GCC_WARN_ABOUT_RETURN_TYPE = YES_ERROR;
				GCC_WARN_UNDECLARED_SELECTOR = YES;
				GCC_WARN_UNINITIALIZED_AUTOS = YES_AGGRESSIVE;
				GCC_WARN_UNUSED_FUNCTION = YES;
				GCC_WARN_UNUSED_VARIABLE = YES;
				IPHONEOS_DEPLOYMENT_TARGET = 26.0;
				LOCALIZATION_PREFERS_STRING_CATALOGS = YES;
				MTL_ENABLE_DEBUG_INFO = NO;
				MTL_FAST_MATH = YES;
				SDKROOT = iphoneos;
				VALIDATE_PRODUCT = YES;
			};
			name = Release;
		};
		269AFEBC2E3259EA008CF035 /* Debug */ = {
			isa = XCBuildConfiguration;
			buildSettings = {
				BUNDLE_LOADER = "$(TEST_HOST)";
				CODE_SIGN_STYLE = Automatic;
				CURRENT_PROJECT_VERSION = 1;
				DEVELOPMENT_TEAM = P92GSKWU9W;
				GENERATE_INFOPLIST_FILE = YES;
				IPHONEOS_DEPLOYMENT_TARGET = 26.0;
				MARKETING_VERSION = 1.0;
				PRODUCT_BUNDLE_IDENTIFIER = com.Sarah.PhotoSafeTests;
				PRODUCT_NAME = "$(TARGET_NAME)";
				STRING_CATALOG_GENERATE_SYMBOLS = NO;
				SWIFT_EMIT_LOC_STRINGS = NO;
				TARGETED_DEVICE_FAMILY = "1,2";
				TEST_HOST = "$(BUILT_PRODUCTS_DIR)/PhotoSafe.app/$(BUNDLE_EXECUTABLE_FOLDER_PATH)/PhotoSafe";
			};
			name = Debug;
		};
		269AFEBD2E3259EA008CF035 /* Release */ = {
			isa = XCBuildConfiguration;
			buildSettings = {
				BUNDLE_LOADER = "$(TEST_HOST)";
				CODE_SIGN_STYLE = Automatic;
				CURRENT_PROJECT_VERSION = 1;
				DEVELOPMENT_TEAM = P92GSKWU9W;
				GENERATE_INFOPLIST_FILE = YES;
				IPHONEOS_DEPLOYMENT_TARGET = 26.0;
				MARKETING_VERSION = 1.0;
				PRODUCT_BUNDLE_IDENTIFIER = com.Sarah.PhotoSafeTests;
				PRODUCT_NAME = "$(TARGET_NAME)";
				STRING_CATALOG_GENERATE_SYMBOLS = NO;
				SWIFT_EMIT_LOC_STRINGS = NO;
				TARGETED_DEVICE_FAMILY = "1,2";
				TEST_HOST = "$(BUILT_PRODUCTS_DIR)/PhotoSafe.app/$(BUNDLE_EXECUTABLE_FOLDER_PATH)/PhotoSafe";
			};
			name = Release;
		};
		269AFEBF2E3259EA008CF035 /* Debug */ = {
			isa = XCBuildConfiguration;
			buildSettings = {
				CODE_SIGN_STYLE = Automatic;
				CURRENT_PROJECT_VERSION = 1;
				DEVELOPMENT_TEAM = P92GSKWU9W;
				GENERATE_INFOPLIST_FILE = YES;
				MARKETING_VERSION = 1.0;
				PRODUCT_BUNDLE_IDENTIFIER = com.Sarah.PhotoSafeUITests;
				PRODUCT_NAME = "$(TARGET_NAME)";
				STRING_CATALOG_GENERATE_SYMBOLS = NO;
				SWIFT_EMIT_LOC_STRINGS = NO;
				TARGETED_DEVICE_FAMILY = "1,2";
				TEST_TARGET_NAME = PhotoSafe;
			};
			name = Debug;
		};
		269AFEC02E3259EA008CF035 /* Release */ = {
			isa = XCBuildConfiguration;
			buildSettings = {
				CODE_SIGN_STYLE = Automatic;
				CURRENT_PROJECT_VERSION = 1;
				DEVELOPMENT_TEAM = P92GSKWU9W;
				GENERATE_INFOPLIST_FILE = YES;
				MARKETING_VERSION = 1.0;
				PRODUCT_BUNDLE_IDENTIFIER = com.Sarah.PhotoSafeUITests;
				PRODUCT_NAME = "$(TARGET_NAME)";
				STRING_CATALOG_GENERATE_SYMBOLS = NO;
				SWIFT_EMIT_LOC_STRINGS = NO;
				TARGETED_DEVICE_FAMILY = "1,2";
				TEST_TARGET_NAME = PhotoSafe;
			};
			name = Release;
		};
/* End XCBuildConfiguration section */

/* Begin XCConfigurationList section */
		269AFE802E3259E4008CF035 /* Build configuration list for PBXProject "PhotoSafe" */ = {
			isa = XCConfigurationList;
			buildConfigurations = (
				269AFEB92E3259EA008CF035 /* Debug */,
				269AFEBA2E3259EA008CF035 /* Release */,
			);
			defaultConfigurationIsVisible = 0;
			defaultConfigurationName = Release;
		};
		269AFEB62E3259EA008CF035 /* Build configuration list for PBXNativeTarget "PhotoSafe" */ = {
			isa = XCConfigurationList;
			buildConfigurations = (
				269AFEB72E3259EA008CF035 /* Debug */,
				269AFEB82E3259EA008CF035 /* Release */,
			);
			defaultConfigurationIsVisible = 0;
			defaultConfigurationName = Release;
		};
		269AFEBB2E3259EA008CF035 /* Build configuration list for PBXNativeTarget "PhotoSafeTests" */ = {
			isa = XCConfigurationList;
			buildConfigurations = (
				269AFEBC2E3259EA008CF035 /* Debug */,
				269AFEBD2E3259EA008CF035 /* Release */,
			);
			defaultConfigurationIsVisible = 0;
			defaultConfigurationName = Release;
		};
		269AFEBE2E3259EA008CF035 /* Build configuration list for PBXNativeTarget "PhotoSafeUITests" */ = {
			isa = XCConfigurationList;
			buildConfigurations = (
				269AFEBF2E3259EA008CF035 /* Debug */,
				269AFEC02E3259EA008CF035 /* Release */,
			);
			defaultConfigurationIsVisible = 0;
			defaultConfigurationName = Release;
		};
/* End XCConfigurationList section */
	};
	rootObject = 269AFE7D2E3259E4008CF035 /* Project object */;
}
